
Microsoft Visual Studio Solution File, Format Version 12.00
# Visual Studio Version 17
VisualStudioVersion = 17.8.34309.116
MinimumVisualStudioVersion = 10.0.40219.1
Project("{FAE04EC0-301F-11D3-BF4B-00C04F79EFBC}") = "JumpListExplorer", "JumpListExplorer\JumpListExplorer.csproj", "{6C4E69A1-1DBA-4D55-81CD-425274BD34C9}"
EndProject
Global
	GlobalSection(SolutionConfigurationPlatforms) = preSolution
		Debug|Any CPU = Debug|Any CPU
		Release|Any CPU = Release|Any CPU
	EndGlobalSection
	GlobalSection(ProjectConfigurationPlatforms) = postSolution
		{6C4E69A1-1DBA-4D55-81CD-425274BD34C9}.Debug|Any CPU.ActiveCfg = Debug|Any CPU
		{6C4E69A1-1DBA-4D55-81CD-425274BD34C9}.Debug|Any CPU.Build.0 = Debug|Any CPU
		{6C4E69A1-1DBA-4D55-81CD-425274BD34C9}.Release|Any CPU.ActiveCfg = Release|Any CPU
		{6C4E69A1-1DBA-4D55-81CD-425274BD34C9}.Release|Any CPU.Build.0 = Release|Any CPU
	EndGlobalSection
	GlobalSection(SolutionProperties) = preSolution
		HideSolutionNode = FALSE
	EndGlobalSection
	GlobalSection(ExtensibilityGlobals) = postSolution
		SolutionGuid = {DBDB3EEF-9985-4B2C-84EE-D0C97C9B4D32}
	EndGlobalSection
EndGlobal
